
Microsoft Visual Studio Solution File, Format Version 12.00
# Visual Studio 14
VisualStudioVersion = 14.0.24720.0
MinimumVisualStudioVersion = 10.0.40219.1
Project("{FAE04EC0-301F-11D3-BF4B-00C04F79EFBC}") = "DemoProvider", "DemoProvider\DemoProvider.csproj", "{F6B36A20-0322-4A4A-86BC-0CD188DDF631}"
EndProject
Project("{FAE04EC0-301F-11D3-BF4B-00C04F79EFBC}") = "DemoProviderWeb", "DemoProviderWeb\DemoProviderWeb.csproj", "{B0575766-7A4C-4541-AC20-D137EAAC8ACA}"
EndProject
Global
	GlobalSection(SolutionConfigurationPlatforms) = preSolution
		Debug|Any CPU = Debug|Any CPU
		Release|Any CPU = Release|Any CPU
	EndGlobalSection
	GlobalSection(ProjectConfigurationPlatforms) = postSolution
		{F6B36A20-0322-4A4A-86BC-0CD188DDF631}.Debug|Any CPU.ActiveCfg = Debug|Any CPU
		{F6B36A20-0322-4A4A-86BC-0CD188DDF631}.Debug|Any CPU.Build.0 = Debug|Any CPU
		{F6B36A20-0322-4A4A-86BC-0CD188DDF631}.Debug|Any CPU.Deploy.0 = Debug|Any CPU
		{F6B36A20-0322-4A4A-86BC-0CD188DDF631}.Release|Any CPU.ActiveCfg = Release|Any CPU
		{F6B36A20-0322-4A4A-86BC-0CD188DDF631}.Release|Any CPU.Build.0 = Release|Any CPU
		{F6B36A20-0322-4A4A-86BC-0CD188DDF631}.Release|Any CPU.Deploy.0 = Release|Any CPU
		{B0575766-7A4C-4541-AC20-D137EAAC8ACA}.Debug|Any CPU.ActiveCfg = Debug|Any CPU
		{B0575766-7A4C-4541-AC20-D137EAAC8ACA}.Debug|Any CPU.Build.0 = Debug|Any CPU
		{B0575766-7A4C-4541-AC20-D137EAAC8ACA}.Release|Any CPU.ActiveCfg = Release|Any CPU
		{B0575766-7A4C-4541-AC20-D137EAAC8ACA}.Release|Any CPU.Build.0 = Release|Any CPU
	EndGlobalSection
	GlobalSection(SolutionProperties) = preSolution
		HideSolutionNode = FALSE
	EndGlobalSection
EndGlobal
